
Microsoft Visual Studio Solution File, Format Version 12.00
# Visual Studio 2013
VisualStudioVersion = 12.0.21005.1
MinimumVisualStudioVersion = 10.0.40219.1
Project("{FAE04EC0-301F-11D3-BF4B-00C04F79EFBC}") = "chatSerer", "chatSerer\chatSerer.csproj", "{292917E2-69BD-46EB-A305-9B9C8D009C40}"
EndProject
Project("{FAE04EC0-301F-11D3-BF4B-00C04F79EFBC}") = "ChatClient", "ChatClient\ChatClient.csproj", "{22F022A7-D3AA-4FF6-812A-B8E276211F61}"
EndProject
Project("{FAE04EC0-301F-11D3-BF4B-00C04F79EFBC}") = "windowsChatClient", "windowsChatClient\windowsChatClient.csproj", "{CCC075D9-AADB-4A57-9DC6-F0F6C67BE99A}"
EndProject
Global
	GlobalSection(SolutionConfigurationPlatforms) = preSolution
		Debug|Any CPU = Debug|Any CPU
		Release|Any CPU = Release|Any CPU
	EndGlobalSection
	GlobalSection(ProjectConfigurationPlatforms) = postSolution
		{292917E2-69BD-46EB-A305-9B9C8D009C40}.Debug|Any CPU.ActiveCfg = Debug|Any CPU
		{292917E2-69BD-46EB-A305-9B9C8D009C40}.Debug|Any CPU.Build.0 = Debug|Any CPU
		{292917E2-69BD-46EB-A305-9B9C8D009C40}.Release|Any CPU.ActiveCfg = Release|Any CPU
		{292917E2-69BD-46EB-A305-9B9C8D009C40}.Release|Any CPU.Build.0 = Release|Any CPU
		{22F022A7-D3AA-4FF6-812A-B8E276211F61}.Debug|Any CPU.ActiveCfg = Debug|Any CPU
		{22F022A7-D3AA-4FF6-812A-B8E276211F61}.Debug|Any CPU.Build.0 = Debug|Any CPU
		{22F022A7-D3AA-4FF6-812A-B8E276211F61}.Release|Any CPU.ActiveCfg = Release|Any CPU
		{22F022A7-D3AA-4FF6-812A-B8E276211F61}.Release|Any CPU.Build.0 = Release|Any CPU
		{CCC075D9-AADB-4A57-9DC6-F0F6C67BE99A}.Debug|Any CPU.ActiveCfg = Debug|Any CPU
		{CCC075D9-AADB-4A57-9DC6-F0F6C67BE99A}.Debug|Any CPU.Build.0 = Debug|Any CPU
		{CCC075D9-AADB-4A57-9DC6-F0F6C67BE99A}.Release|Any CPU.ActiveCfg = Release|Any CPU
		{CCC075D9-AADB-4A57-9DC6-F0F6C67BE99A}.Release|Any CPU.Build.0 = Release|Any CPU
	EndGlobalSection
	GlobalSection(SolutionProperties) = preSolution
		HideSolutionNode = FALSE
	EndGlobalSection
EndGlobal
